
Microsoft Visual Studio Solution File, Format Version 12.00
# Visual Studio Version 16
VisualStudioVersion = 16.0.30011.22
MinimumVisualStudioVersion = 10.0.40219.1
Project("{FAE04EC0-301F-11D3-BF4B-00C04F79EFBC}") = "ShoppingBasketApp", "ShoppingBasketApp\ShoppingBasketApp.csproj", "{8BF00C87-AD9B-42F0-AFF7-D0382991D4E6}"
EndProject
Project("{FAE04EC0-301F-11D3-BF4B-00C04F79EFBC}") = "ShoppingBasketAppTests", "ShoppingBasketAppTests\ShoppingBasketAppTests.csproj", "{844DBC4C-81DA-43FF-9FA5-22AE006E5248}"
EndProject
Global
	GlobalSection(SolutionConfigurationPlatforms) = preSolution
		Debug|Any CPU = Debug|Any CPU
		Release|Any CPU = Release|Any CPU
	EndGlobalSection
	GlobalSection(ProjectConfigurationPlatforms) = postSolution
		{8BF00C87-AD9B-42F0-AFF7-D0382991D4E6}.Debug|Any CPU.ActiveCfg = Debug|Any CPU
		{8BF00C87-AD9B-42F0-AFF7-D0382991D4E6}.Debug|Any CPU.Build.0 = Debug|Any CPU
		{8BF00C87-AD9B-42F0-AFF7-D0382991D4E6}.Release|Any CPU.ActiveCfg = Release|Any CPU
		{8BF00C87-AD9B-42F0-AFF7-D0382991D4E6}.Release|Any CPU.Build.0 = Release|Any CPU
		{844DBC4C-81DA-43FF-9FA5-22AE006E5248}.Debug|Any CPU.ActiveCfg = Debug|Any CPU
		{844DBC4C-81DA-43FF-9FA5-22AE006E5248}.Debug|Any CPU.Build.0 = Debug|Any CPU
		{844DBC4C-81DA-43FF-9FA5-22AE006E5248}.Release|Any CPU.ActiveCfg = Release|Any CPU
		{844DBC4C-81DA-43FF-9FA5-22AE006E5248}.Release|Any CPU.Build.0 = Release|Any CPU
	EndGlobalSection
	GlobalSection(SolutionProperties) = preSolution
		HideSolutionNode = FALSE
	EndGlobalSection
	GlobalSection(ExtensibilityGlobals) = postSolution
		SolutionGuid = {C9F74364-24B9-48D6-B7B3-3951A1E6027D}
	EndGlobalSection
EndGlobal
